
Microsoft Visual Studio Solution File, Format Version 12.00
# Visual Studio Version 17
VisualStudioVersion = 17.3.32819.101
MinimumVisualStudioVersion = 10.0.40219.1
Project("{FAE04EC0-301F-11D3-BF4B-00C04F79EFBC}") = "CityInfo.API", "CityInfo.API\CityInfo.API.csproj", "{84847EE2-A9F5-4B3D-8D62-40DF23703C68}"
EndProject
Global
	GlobalSection(SolutionConfigurationPlatforms) = preSolution
		Debug|Any CPU = Debug|Any CPU
		Release|Any CPU = Release|Any CPU
	EndGlobalSection
	GlobalSection(ProjectConfigurationPlatforms) = postSolution
		{84847EE2-A9F5-4B3D-8D62-40DF23703C68}.Debug|Any CPU.ActiveCfg = Debug|Any CPU
		{84847EE2-A9F5-4B3D-8D62-40DF23703C68}.Debug|Any CPU.Build.0 = Debug|Any CPU
		{84847EE2-A9F5-4B3D-8D62-40DF23703C68}.Release|Any CPU.ActiveCfg = Release|Any CPU
		{84847EE2-A9F5-4B3D-8D62-40DF23703C68}.Release|Any CPU.Build.0 = Release|Any CPU
	EndGlobalSection
	GlobalSection(SolutionProperties) = preSolution
		HideSolutionNode = FALSE
	EndGlobalSection
	GlobalSection(ExtensibilityGlobals) = postSolution
		SolutionGuid = {1FEF9F40-C061-49CC-BA8E-EBE68A3E18F2}
	EndGlobalSection
EndGlobal
